
Microsoft Visual Studio Solution File, Format Version 12.00
# Visual Studio Version 17
VisualStudioVersion = 17.6.33815.320
MinimumVisualStudioVersion = 10.0.40219.1
Project("{2150E333-8FDC-42A3-9474-1A3956D46DE8}") = "Source", "Source", "{8919112A-01EF-450E-B20A-34042508C5C2}"
EndProject
Project("{2150E333-8FDC-42A3-9474-1A3956D46DE8}") = "Backend", "Backend", "{DE189F03-4A6D-4E3B-9E3A-0389C20A0F21}"
EndProject
Project("{2150E333-8FDC-42A3-9474-1A3956D46DE8}") = "Platforms", "Platforms", "{6B3945B6-BF2D-46EA-9A52-F4D4D8FF0A49}"
EndProject
Project("{2150E333-8FDC-42A3-9474-1A3956D46DE8}") = "Tests", "Tests", "{11205AE7-CF20-4ACA-B85D-422C691B0D9C}"
EndProject
Project("{9A19103F-16F7-4668-BE54-9A1E7A4F7556}") = "POSUNO.DataContracts", "POSUNO\POSUNO.DataContracts\POSUNO.DataContracts.csproj", "{472A67DF-2E1D-43FD-B3FB-265A9A64F228}"
EndProject
Project("{9A19103F-16F7-4668-BE54-9A1E7A4F7556}") = "POSUNO", "POSUNO\POSUNO\POSUNO.csproj", "{99326D7B-B6B3-43A1-9694-044A6FF4E3E1}"
EndProject
Project("{9A19103F-16F7-4668-BE54-9A1E7A4F7556}") = "POSUNO.Tests", "POSUNO\POSUNO.Tests\POSUNO.Tests.csproj", "{FA1D74F3-326F-4ED0-92F8-05D06634F01E}"
EndProject
Project("{9A19103F-16F7-4668-BE54-9A1E7A4F7556}") = "POSUNO.UITests", "POSUNO\POSUNO.UITests\POSUNO.UITests.csproj", "{700F2D27-92C8-4CC3-B72B-EA0ADC3140CC}"
EndProject
Project("{9A19103F-16F7-4668-BE54-9A1E7A4F7556}") = "POSUNO.Mobile", "POSUNO\POSUNO.Mobile\POSUNO.Mobile.csproj", "{871BF495-D0BA-4DF8-BCB9-C3AFFF4555C9}"
EndProject
Project("{9A19103F-16F7-4668-BE54-9A1E7A4F7556}") = "POSUNO.Windows", "POSUNO\POSUNO.Windows\POSUNO.Windows.csproj", "{FA731F74-E60F-46E2-B63E-21F8DCA8E4FC}"
EndProject
Project("{9A19103F-16F7-4668-BE54-9A1E7A4F7556}") = "POSUNO.Wasm", "POSUNO\POSUNO.Wasm\POSUNO.Wasm.csproj", "{664203A4-75E9-4A38-8404-89D9A050C14A}"
EndProject
Project("{9A19103F-16F7-4668-BE54-9A1E7A4F7556}") = "POSUNO.Skia.Gtk", "POSUNO\POSUNO.Skia.Gtk\POSUNO.Skia.Gtk.csproj", "{1F881A7A-BA65-4DFB-A8F7-31948F9DCD8C}"
EndProject
Project("{9A19103F-16F7-4668-BE54-9A1E7A4F7556}") = "POSUNO.Server", "POSUNO\POSUNO.Server\POSUNO.Server.csproj", "{C3EFC17B-CD30-4B3A-AF57-30FF7ADABB95}"
EndProject
Project("{FAE04EC0-301F-11D3-BF4B-00C04F79EFBC}") = "API", "API\API.csproj", "{627681B8-4B51-400F-9F70-237D1FBB2736}"
EndProject
Global
	GlobalSection(SolutionConfigurationPlatforms) = preSolution
		Debug|Any CPU = Debug|Any CPU
		Debug|arm64 = Debug|arm64
		Debug|x64 = Debug|x64
		Debug|x86 = Debug|x86
		Release|Any CPU = Release|Any CPU
		Release|arm64 = Release|arm64
		Release|x64 = Release|x64
		Release|x86 = Release|x86
	EndGlobalSection
	GlobalSection(ProjectConfigurationPlatforms) = postSolution
		{472A67DF-2E1D-43FD-B3FB-265A9A64F228}.Debug|Any CPU.ActiveCfg = Debug|Any CPU
		{472A67DF-2E1D-43FD-B3FB-265A9A64F228}.Debug|Any CPU.Build.0 = Debug|Any CPU
		{472A67DF-2E1D-43FD-B3FB-265A9A64F228}.Debug|arm64.ActiveCfg = Debug|Any CPU
		{472A67DF-2E1D-43FD-B3FB-265A9A64F228}.Debug|arm64.Build.0 = Debug|Any CPU
		{472A67DF-2E1D-43FD-B3FB-265A9A64F228}.Debug|x64.ActiveCfg = Debug|Any CPU
		{472A67DF-2E1D-43FD-B3FB-265A9A64F228}.Debug|x64.Build.0 = Debug|Any CPU
		{472A67DF-2E1D-43FD-B3FB-265A9A64F228}.Debug|x86.ActiveCfg = Debug|Any CPU
		{472A67DF-2E1D-43FD-B3FB-265A9A64F228}.Debug|x86.Build.0 = Debug|Any CPU
		{472A67DF-2E1D-43FD-B3FB-265A9A64F228}.Release|Any CPU.ActiveCfg = Release|Any CPU
		{472A67DF-2E1D-43FD-B3FB-265A9A64F228}.Release|Any CPU.Build.0 = Release|Any CPU
		{472A67DF-2E1D-43FD-B3FB-265A9A64F228}.Release|arm64.ActiveCfg = Release|Any CPU
		{472A67DF-2E1D-43FD-B3FB-265A9A64F228}.Release|arm64.Build.0 = Release|Any CPU
		{472A67DF-2E1D-43FD-B3FB-265A9A64F228}.Release|x64.ActiveCfg = Release|Any CPU
		{472A67DF-2E1D-43FD-B3FB-265A9A64F228}.Release|x64.Build.0 = Release|Any CPU
		{472A67DF-2E1D-43FD-B3FB-265A9A64F228}.Release|x86.ActiveCfg = Release|Any CPU
		{472A67DF-2E1D-43FD-B3FB-265A9A64F228}.Release|x86.Build.0 = Release|Any CPU
		{99326D7B-B6B3-43A1-9694-044A6FF4E3E1}.Debug|Any CPU.ActiveCfg = Debug|Any CPU
		{99326D7B-B6B3-43A1-9694-044A6FF4E3E1}.Debug|Any CPU.Build.0 = Debug|Any CPU
		{99326D7B-B6B3-43A1-9694-044A6FF4E3E1}.Debug|arm64.ActiveCfg = Debug|Any CPU
		{99326D7B-B6B3-43A1-9694-044A6FF4E3E1}.Debug|arm64.Build.0 = Debug|Any CPU
		{99326D7B-B6B3-43A1-9694-044A6FF4E3E1}.Debug|x64.ActiveCfg = Debug|Any CPU
		{99326D7B-B6B3-43A1-9694-044A6FF4E3E1}.Debug|x64.Build.0 = Debug|Any CPU
		{99326D7B-B6B3-43A1-9694-044A6FF4E3E1}.Debug|x86.ActiveCfg = Debug|Any CPU
		{99326D7B-B6B3-43A1-9694-044A6FF4E3E1}.Debug|x86.Build.0 = Debug|Any CPU
		{99326D7B-B6B3-43A1-9694-044A6FF4E3E1}.Release|Any CPU.ActiveCfg = Release|Any CPU
		{99326D7B-B6B3-43A1-9694-044A6FF4E3E1}.Release|Any CPU.Build.0 = Release|Any CPU
		{99326D7B-B6B3-43A1-9694-044A6FF4E3E1}.Release|arm64.ActiveCfg = Release|Any CPU
		{99326D7B-B6B3-43A1-9694-044A6FF4E3E1}.Release|arm64.Build.0 = Release|Any CPU
		{99326D7B-B6B3-43A1-9694-044A6FF4E3E1}.Release|x64.ActiveCfg = Release|Any CPU
		{99326D7B-B6B3-43A1-9694-044A6FF4E3E1}.Release|x64.Build.0 = Release|Any CPU
		{99326D7B-B6B3-43A1-9694-044A6FF4E3E1}.Release|x86.ActiveCfg = Release|Any CPU
		{99326D7B-B6B3-43A1-9694-044A6FF4E3E1}.Release|x86.Build.0 = Release|Any CPU
		{FA1D74F3-326F-4ED0-92F8-05D06634F01E}.Debug|Any CPU.ActiveCfg = Debug|Any CPU
		{FA1D74F3-326F-4ED0-92F8-05D06634F01E}.Debug|Any CPU.Build.0 = Debug|Any CPU
		{FA1D74F3-326F-4ED0-92F8-05D06634F01E}.Debug|arm64.ActiveCfg = Debug|Any CPU
		{FA1D74F3-326F-4ED0-92F8-05D06634F01E}.Debug|arm64.Build.0 = Debug|Any CPU
		{FA1D74F3-326F-4ED0-92F8-05D06634F01E}.Debug|x64.ActiveCfg = Debug|Any CPU
		{FA1D74F3-326F-4ED0-92F8-05D06634F01E}.Debug|x64.Build.0 = Debug|Any CPU
		{FA1D74F3-326F-4ED0-92F8-05D06634F01E}.Debug|x86.ActiveCfg = Debug|Any CPU
		{FA1D74F3-326F-4ED0-92F8-05D06634F01E}.Debug|x86.Build.0 = Debug|Any CPU
		{FA1D74F3-326F-4ED0-92F8-05D06634F01E}.Release|Any CPU.ActiveCfg = Release|Any CPU
		{FA1D74F3-326F-4ED0-92F8-05D06634F01E}.Release|Any CPU.Build.0 = Release|Any CPU
		{FA1D74F3-326F-4ED0-92F8-05D06634F01E}.Release|arm64.ActiveCfg = Release|Any CPU
		{FA1D74F3-326F-4ED0-92F8-05D06634F01E}.Release|arm64.Build.0 = Release|Any CPU
		{FA1D74F3-326F-4ED0-92F8-05D06634F01E}.Release|x64.ActiveCfg = Release|Any CPU
		{FA1D74F3-326F-4ED0-92F8-05D06634F01E}.Release|x64.Build.0 = Release|Any CPU
		{FA1D74F3-326F-4ED0-92F8-05D06634F01E}.Release|x86.ActiveCfg = Release|Any CPU
		{FA1D74F3-326F-4ED0-92F8-05D06634F01E}.Release|x86.Build.0 = Release|Any CPU
		{700F2D27-92C8-4CC3-B72B-EA0ADC3140CC}.Debug|Any CPU.ActiveCfg = Debug|Any CPU
		{700F2D27-92C8-4CC3-B72B-EA0ADC3140CC}.Debug|Any CPU.Build.0 = Debug|Any CPU
		{700F2D27-92C8-4CC3-B72B-EA0ADC3140CC}.Debug|arm64.ActiveCfg = Debug|Any CPU
		{700F2D27-92C8-4CC3-B72B-EA0ADC3140CC}.Debug|arm64.Build.0 = Debug|Any CPU
		{700F2D27-92C8-4CC3-B72B-EA0ADC3140CC}.Debug|x64.ActiveCfg = Debug|Any CPU
		{700F2D27-92C8-4CC3-B72B-EA0ADC3140CC}.Debug|x64.Build.0 = Debug|Any CPU
		{700F2D27-92C8-4CC3-B72B-EA0ADC3140CC}.Debug|x86.ActiveCfg = Debug|Any CPU
		{700F2D27-92C8-4CC3-B72B-EA0ADC3140CC}.Debug|x86.Build.0 = Debug|Any CPU
		{700F2D27-92C8-4CC3-B72B-EA0ADC3140CC}.Release|Any CPU.ActiveCfg = Release|Any CPU
		{700F2D27-92C8-4CC3-B72B-EA0ADC3140CC}.Release|Any CPU.Build.0 = Release|Any CPU
		{700F2D27-92C8-4CC3-B72B-EA0ADC3140CC}.Release|arm64.ActiveCfg = Release|Any CPU
		{700F2D27-92C8-4CC3-B72B-EA0ADC3140CC}.Release|arm64.Build.0 = Release|Any CPU
		{700F2D27-92C8-4CC3-B72B-EA0ADC3140CC}.Release|x64.ActiveCfg = Release|Any CPU
		{700F2D27-92C8-4CC3-B72B-EA0ADC3140CC}.Release|x64.Build.0 = Release|Any CPU
		{700F2D27-92C8-4CC3-B72B-EA0ADC3140CC}.Release|x86.ActiveCfg = Release|Any CPU
		{700F2D27-92C8-4CC3-B72B-EA0ADC3140CC}.Release|x86.Build.0 = Release|Any CPU
		{871BF495-D0BA-4DF8-BCB9-C3AFFF4555C9}.Debug|Any CPU.ActiveCfg = Debug|Any CPU
		{871BF495-D0BA-4DF8-BCB9-C3AFFF4555C9}.Debug|Any CPU.Build.0 = Debug|Any CPU
		{871BF495-D0BA-4DF8-BCB9-C3AFFF4555C9}.Debug|Any CPU.Deploy.0 = Debug|Any CPU
		{871BF495-D0BA-4DF8-BCB9-C3AFFF4555C9}.Debug|arm64.ActiveCfg = Debug|Any CPU
		{871BF495-D0BA-4DF8-BCB9-C3AFFF4555C9}.Debug|arm64.Build.0 = Debug|Any CPU
		{871BF495-D0BA-4DF8-BCB9-C3AFFF4555C9}.Debug|arm64.Deploy.0 = Debug|Any CPU
		{871BF495-D0BA-4DF8-BCB9-C3AFFF4555C9}.Debug|x64.ActiveCfg = Debug|Any CPU
		{871BF495-D0BA-4DF8-BCB9-C3AFFF4555C9}.Debug|x64.Build.0 = Debug|Any CPU
		{871BF495-D0BA-4DF8-BCB9-C3AFFF4555C9}.Debug|x64.Deploy.0 = Debug|Any CPU
		{871BF495-D0BA-4DF8-BCB9-C3AFFF4555C9}.Debug|x86.ActiveCfg = Debug|Any CPU
		{871BF495-D0BA-4DF8-BCB9-C3AFFF4555C9}.Debug|x86.Build.0 = Debug|Any CPU
		{871BF495-D0BA-4DF8-BCB9-C3AFFF4555C9}.Debug|x86.Deploy.0 = Debug|Any CPU
		{871BF495-D0BA-4DF8-BCB9-C3AFFF4555C9}.Release|Any CPU.ActiveCfg = Release|Any CPU
		{871BF495-D0BA-4DF8-BCB9-C3AFFF4555C9}.Release|Any CPU.Build.0 = Release|Any CPU
		{871BF495-D0BA-4DF8-BCB9-C3AFFF4555C9}.Release|Any CPU.Deploy.0 = Release|Any CPU
		{871BF495-D0BA-4DF8-BCB9-C3AFFF4555C9}.Release|arm64.ActiveCfg = Release|Any CPU
		{871BF495-D0BA-4DF8-BCB9-C3AFFF4555C9}.Release|arm64.Build.0 = Release|Any CPU
		{871BF495-D0BA-4DF8-BCB9-C3AFFF4555C9}.Release|arm64.Deploy.0 = Release|Any CPU
		{871BF495-D0BA-4DF8-BCB9-C3AFFF4555C9}.Release|x64.ActiveCfg = Release|Any CPU
		{871BF495-D0BA-4DF8-BCB9-C3AFFF4555C9}.Release|x64.Build.0 = Release|Any CPU
		{871BF495-D0BA-4DF8-BCB9-C3AFFF4555C9}.Release|x64.Deploy.0 = Release|Any CPU
		{871BF495-D0BA-4DF8-BCB9-C3AFFF4555C9}.Release|x86.ActiveCfg = Release|Any CPU
		{871BF495-D0BA-4DF8-BCB9-C3AFFF4555C9}.Release|x86.Build.0 = Release|Any CPU
		{871BF495-D0BA-4DF8-BCB9-C3AFFF4555C9}.Release|x86.Deploy.0 = Release|Any CPU
		{FA731F74-E60F-46E2-B63E-21F8DCA8E4FC}.Debug|Any CPU.ActiveCfg = Debug|x64
		{FA731F74-E60F-46E2-B63E-21F8DCA8E4FC}.Debug|Any CPU.Build.0 = Debug|x64
		{FA731F74-E60F-46E2-B63E-21F8DCA8E4FC}.Debug|Any CPU.Deploy.0 = Debug|x64
		{FA731F74-E60F-46E2-B63E-21F8DCA8E4FC}.Debug|arm64.ActiveCfg = Debug|arm64
		{FA731F74-E60F-46E2-B63E-21F8DCA8E4FC}.Debug|arm64.Build.0 = Debug|arm64
		{FA731F74-E60F-46E2-B63E-21F8DCA8E4FC}.Debug|arm64.Deploy.0 = Debug|arm64
		{FA731F74-E60F-46E2-B63E-21F8DCA8E4FC}.Debug|x64.ActiveCfg = Debug|x64
		{FA731F74-E60F-46E2-B63E-21F8DCA8E4FC}.Debug|x64.Build.0 = Debug|x64
		{FA731F74-E60F-46E2-B63E-21F8DCA8E4FC}.Debug|x64.Deploy.0 = Debug|x64
		{FA731F74-E60F-46E2-B63E-21F8DCA8E4FC}.Debug|x86.ActiveCfg = Debug|x86
		{FA731F74-E60F-46E2-B63E-21F8DCA8E4FC}.Debug|x86.Build.0 = Debug|x86
		{FA731F74-E60F-46E2-B63E-21F8DCA8E4FC}.Debug|x86.Deploy.0 = Debug|x86
		{FA731F74-E60F-46E2-B63E-21F8DCA8E4FC}.Release|Any CPU.ActiveCfg = Release|x64
		{FA731F74-E60F-46E2-B63E-21F8DCA8E4FC}.Release|Any CPU.Build.0 = Release|x64
		{FA731F74-E60F-46E2-B63E-21F8DCA8E4FC}.Release|Any CPU.Deploy.0 = Release|x64
		{FA731F74-E60F-46E2-B63E-21F8DCA8E4FC}.Release|arm64.ActiveCfg = Release|arm64
		{FA731F74-E60F-46E2-B63E-21F8DCA8E4FC}.Release|arm64.Build.0 = Release|arm64
		{FA731F74-E60F-46E2-B63E-21F8DCA8E4FC}.Release|arm64.Deploy.0 = Release|arm64
		{FA731F74-E60F-46E2-B63E-21F8DCA8E4FC}.Release|x64.ActiveCfg = Release|x64
		{FA731F74-E60F-46E2-B63E-21F8DCA8E4FC}.Release|x64.Build.0 = Release|x64
		{FA731F74-E60F-46E2-B63E-21F8DCA8E4FC}.Release|x64.Deploy.0 = Release|x64
		{FA731F74-E60F-46E2-B63E-21F8DCA8E4FC}.Release|x86.ActiveCfg = Release|x86
		{FA731F74-E60F-46E2-B63E-21F8DCA8E4FC}.Release|x86.Build.0 = Release|x86
		{FA731F74-E60F-46E2-B63E-21F8DCA8E4FC}.Release|x86.Deploy.0 = Release|x86
		{664203A4-75E9-4A38-8404-89D9A050C14A}.Debug|Any CPU.ActiveCfg = Debug|Any CPU
		{664203A4-75E9-4A38-8404-89D9A050C14A}.Debug|Any CPU.Build.0 = Debug|Any CPU
		{664203A4-75E9-4A38-8404-89D9A050C14A}.Debug|arm64.ActiveCfg = Debug|Any CPU
		{664203A4-75E9-4A38-8404-89D9A050C14A}.Debug|arm64.Build.0 = Debug|Any CPU
		{664203A4-75E9-4A38-8404-89D9A050C14A}.Debug|x64.ActiveCfg = Debug|Any CPU
		{664203A4-75E9-4A38-8404-89D9A050C14A}.Debug|x64.Build.0 = Debug|Any CPU
		{664203A4-75E9-4A38-8404-89D9A050C14A}.Debug|x86.ActiveCfg = Debug|Any CPU
		{664203A4-75E9-4A38-8404-89D9A050C14A}.Debug|x86.Build.0 = Debug|Any CPU
		{664203A4-75E9-4A38-8404-89D9A050C14A}.Release|Any CPU.ActiveCfg = Release|Any CPU
		{664203A4-75E9-4A38-8404-89D9A050C14A}.Release|Any CPU.Build.0 = Release|Any CPU
		{664203A4-75E9-4A38-8404-89D9A050C14A}.Release|arm64.ActiveCfg = Release|Any CPU
		{664203A4-75E9-4A38-8404-89D9A050C14A}.Release|arm64.Build.0 = Release|Any CPU
		{664203A4-75E9-4A38-8404-89D9A050C14A}.Release|x64.ActiveCfg = Release|Any CPU
		{664203A4-75E9-4A38-8404-89D9A050C14A}.Release|x64.Build.0 = Release|Any CPU
		{664203A4-75E9-4A38-8404-89D9A050C14A}.Release|x86.ActiveCfg = Release|Any CPU
		{664203A4-75E9-4A38-8404-89D9A050C14A}.Release|x86.Build.0 = Release|Any CPU
		{1F881A7A-BA65-4DFB-A8F7-31948F9DCD8C}.Debug|Any CPU.ActiveCfg = Debug|Any CPU
		{1F881A7A-BA65-4DFB-A8F7-31948F9DCD8C}.Debug|Any CPU.Build.0 = Debug|Any CPU
		{1F881A7A-BA65-4DFB-A8F7-31948F9DCD8C}.Debug|arm64.ActiveCfg = Debug|Any CPU
		{1F881A7A-BA65-4DFB-A8F7-31948F9DCD8C}.Debug|arm64.Build.0 = Debug|Any CPU
		{1F881A7A-BA65-4DFB-A8F7-31948F9DCD8C}.Debug|x64.ActiveCfg = Debug|Any CPU
		{1F881A7A-BA65-4DFB-A8F7-31948F9DCD8C}.Debug|x64.Build.0 = Debug|Any CPU
		{1F881A7A-BA65-4DFB-A8F7-31948F9DCD8C}.Debug|x86.ActiveCfg = Debug|Any CPU
		{1F881A7A-BA65-4DFB-A8F7-31948F9DCD8C}.Debug|x86.Build.0 = Debug|Any CPU
		{1F881A7A-BA65-4DFB-A8F7-31948F9DCD8C}.Release|Any CPU.ActiveCfg = Release|Any CPU
		{1F881A7A-BA65-4DFB-A8F7-31948F9DCD8C}.Release|Any CPU.Build.0 = Release|Any CPU
		{1F881A7A-BA65-4DFB-A8F7-31948F9DCD8C}.Release|arm64.ActiveCfg = Release|Any CPU
		{1F881A7A-BA65-4DFB-A8F7-31948F9DCD8C}.Release|arm64.Build.0 = Release|Any CPU
		{1F881A7A-BA65-4DFB-A8F7-31948F9DCD8C}.Release|x64.ActiveCfg = Release|Any CPU
		{1F881A7A-BA65-4DFB-A8F7-31948F9DCD8C}.Release|x64.Build.0 = Release|Any CPU
		{1F881A7A-BA65-4DFB-A8F7-31948F9DCD8C}.Release|x86.ActiveCfg = Release|Any CPU
		{1F881A7A-BA65-4DFB-A8F7-31948F9DCD8C}.Release|x86.Build.0 = Release|Any CPU
		{C3EFC17B-CD30-4B3A-AF57-30FF7ADABB95}.Debug|Any CPU.ActiveCfg = Debug|Any CPU
		{C3EFC17B-CD30-4B3A-AF57-30FF7ADABB95}.Debug|Any CPU.Build.0 = Debug|Any CPU
		{C3EFC17B-CD30-4B3A-AF57-30FF7ADABB95}.Debug|arm64.ActiveCfg = Debug|Any CPU
		{C3EFC17B-CD30-4B3A-AF57-30FF7ADABB95}.Debug|arm64.Build.0 = Debug|Any CPU
		{C3EFC17B-CD30-4B3A-AF57-30FF7ADABB95}.Debug|x64.ActiveCfg = Debug|Any CPU
		{C3EFC17B-CD30-4B3A-AF57-30FF7ADABB95}.Debug|x64.Build.0 = Debug|Any CPU
		{C3EFC17B-CD30-4B3A-AF57-30FF7ADABB95}.Debug|x86.ActiveCfg = Debug|Any CPU
		{C3EFC17B-CD30-4B3A-AF57-30FF7ADABB95}.Debug|x86.Build.0 = Debug|Any CPU
		{C3EFC17B-CD30-4B3A-AF57-30FF7ADABB95}.Release|Any CPU.ActiveCfg = Release|Any CPU
		{C3EFC17B-CD30-4B3A-AF57-30FF7ADABB95}.Release|Any CPU.Build.0 = Release|Any CPU
		{C3EFC17B-CD30-4B3A-AF57-30FF7ADABB95}.Release|arm64.ActiveCfg = Release|Any CPU
		{C3EFC17B-CD30-4B3A-AF57-30FF7ADABB95}.Release|arm64.Build.0 = Release|Any CPU
		{C3EFC17B-CD30-4B3A-AF57-30FF7ADABB95}.Release|x64.ActiveCfg = Release|Any CPU
		{C3EFC17B-CD30-4B3A-AF57-30FF7ADABB95}.Release|x64.Build.0 = Release|Any CPU
		{C3EFC17B-CD30-4B3A-AF57-30FF7ADABB95}.Release|x86.ActiveCfg = Release|Any CPU
		{C3EFC17B-CD30-4B3A-AF57-30FF7ADABB95}.Release|x86.Build.0 = Release|Any CPU
		{627681B8-4B51-400F-9F70-237D1FBB2736}.Debug|Any CPU.ActiveCfg = Debug|Any CPU
		{627681B8-4B51-400F-9F70-237D1FBB2736}.Debug|Any CPU.Build.0 = Debug|Any CPU
		{627681B8-4B51-400F-9F70-237D1FBB2736}.Debug|arm64.ActiveCfg = Debug|Any CPU
		{627681B8-4B51-400F-9F70-237D1FBB2736}.Debug|arm64.Build.0 = Debug|Any CPU
		{627681B8-4B51-400F-9F70-237D1FBB2736}.Debug|x64.ActiveCfg = Debug|Any CPU
		{627681B8-4B51-400F-9F70-237D1FBB2736}.Debug|x64.Build.0 = Debug|Any CPU
		{627681B8-4B51-400F-9F70-237D1FBB2736}.Debug|x86.ActiveCfg = Debug|Any CPU
		{627681B8-4B51-400F-9F70-237D1FBB2736}.Debug|x86.Build.0 = Debug|Any CPU
		{627681B8-4B51-400F-9F70-237D1FBB2736}.Release|Any CPU.ActiveCfg = Release|Any CPU
		{627681B8-4B51-400F-9F70-237D1FBB2736}.Release|Any CPU.Build.0 = Release|Any CPU
		{627681B8-4B51-400F-9F70-237D1FBB2736}.Release|arm64.ActiveCfg = Release|Any CPU
		{627681B8-4B51-400F-9F70-237D1FBB2736}.Release|arm64.Build.0 = Release|Any CPU
		{627681B8-4B51-400F-9F70-237D1FBB2736}.Release|x64.ActiveCfg = Release|Any CPU
		{627681B8-4B51-400F-9F70-237D1FBB2736}.Release|x64.Build.0 = Release|Any CPU
		{627681B8-4B51-400F-9F70-237D1FBB2736}.Release|x86.ActiveCfg = Release|Any CPU
		{627681B8-4B51-400F-9F70-237D1FBB2736}.Release|x86.Build.0 = Release|Any CPU
	EndGlobalSection
	GlobalSection(SolutionProperties) = preSolution
		HideSolutionNode = FALSE
	EndGlobalSection
	GlobalSection(NestedProjects) = preSolution
		{DE189F03-4A6D-4E3B-9E3A-0389C20A0F21} = {8919112A-01EF-450E-B20A-34042508C5C2}
		{6B3945B6-BF2D-46EA-9A52-F4D4D8FF0A49} = {8919112A-01EF-450E-B20A-34042508C5C2}
		{472A67DF-2E1D-43FD-B3FB-265A9A64F228} = {8919112A-01EF-450E-B20A-34042508C5C2}
		{99326D7B-B6B3-43A1-9694-044A6FF4E3E1} = {8919112A-01EF-450E-B20A-34042508C5C2}
		{FA1D74F3-326F-4ED0-92F8-05D06634F01E} = {11205AE7-CF20-4ACA-B85D-422C691B0D9C}
		{700F2D27-92C8-4CC3-B72B-EA0ADC3140CC} = {11205AE7-CF20-4ACA-B85D-422C691B0D9C}
		{871BF495-D0BA-4DF8-BCB9-C3AFFF4555C9} = {6B3945B6-BF2D-46EA-9A52-F4D4D8FF0A49}
		{FA731F74-E60F-46E2-B63E-21F8DCA8E4FC} = {6B3945B6-BF2D-46EA-9A52-F4D4D8FF0A49}
		{664203A4-75E9-4A38-8404-89D9A050C14A} = {6B3945B6-BF2D-46EA-9A52-F4D4D8FF0A49}
		{1F881A7A-BA65-4DFB-A8F7-31948F9DCD8C} = {6B3945B6-BF2D-46EA-9A52-F4D4D8FF0A49}
		{C3EFC17B-CD30-4B3A-AF57-30FF7ADABB95} = {DE189F03-4A6D-4E3B-9E3A-0389C20A0F21}
	EndGlobalSection
	GlobalSection(ExtensibilityGlobals) = postSolution
		SolutionGuid = {4D7C811F-D94D-49F1-B33A-06A32E7416CE}
	EndGlobalSection
EndGlobal
